
Microsoft Visual Studio Solution File, Format Version 12.00
# Visual Studio 15
VisualStudioVersion = 15.0.27130.2010
MinimumVisualStudioVersion = 10.0.40219.1
Project("{FAE04EC0-301F-11D3-BF4B-00C04F79EFBC}") = "Serial4Punp", "Serial4PunpNew\Serial4Punp.csproj", "{342F4A98-FA6C-4C69-9379-4E5B1968B2C4}"
EndProject
Global
	GlobalSection(SolutionConfigurationPlatforms) = preSolution
		Debug|Any CPU = Debug|Any CPU
		Release|Any CPU = Release|Any CPU
	EndGlobalSection
	GlobalSection(ProjectConfigurationPlatforms) = postSolution
		{342F4A98-FA6C-4C69-9379-4E5B1968B2C4}.Debug|Any CPU.ActiveCfg = Debug|Any CPU
		{342F4A98-FA6C-4C69-9379-4E5B1968B2C4}.Debug|Any CPU.Build.0 = Debug|Any CPU
		{342F4A98-FA6C-4C69-9379-4E5B1968B2C4}.Release|Any CPU.ActiveCfg = Release|Any CPU
		{342F4A98-FA6C-4C69-9379-4E5B1968B2C4}.Release|Any CPU.Build.0 = Release|Any CPU
	EndGlobalSection
	GlobalSection(SolutionProperties) = preSolution
		HideSolutionNode = FALSE
	EndGlobalSection
	GlobalSection(ExtensibilityGlobals) = postSolution
		SolutionGuid = {B157D1AA-673B-4A70-9275-F34BBA0F568E}
	EndGlobalSection
EndGlobal
